// !$*UTF8*$!
{
	archiveVersion = 1;
	classes = {
	};
	objectVersion = 46;
	objects = {

/* Begin PBXBuildFile section */
		C61578FB1DE0BA77001FFA21 /* AppDelegate.swift in Sources */ = {isa = PBXBuildFile; fileRef = C61578FA1DE0BA77001FFA21 /* AppDelegate.swift */; };
		C61578FD1DE0BA77001FFA21 /* ViewController.swift in Sources */ = {isa = PBXBuildFile; fileRef = C61578FC1DE0BA77001FFA21 /* ViewController.swift */; };
		C61579001DE0BA77001FFA21 /* Main.storyboard in Resources */ = {isa = PBXBuildFile; fileRef = C61578FE1DE0BA77001FFA21 /* Main.storyboard */; };
		C61579021DE0BA77001FFA21 /* Assets.xcassets in Resources */ = {isa = PBXBuildFile; fileRef = C61579011DE0BA77001FFA21 /* Assets.xcassets */; };
		C61579051DE0BA77001FFA21 /* LaunchScreen.storyboard in Resources */ = {isa = PBXBuildFile; fileRef = C61579031DE0BA77001FFA21 /* LaunchScreen.storyboard */; };
/* End PBXBuildFile section */

/* Begin PBXFileReference section */
		C61578F71DE0BA77001FFA21 /* Math.app */ = {isa = PBXFileReference; explicitFileType = wrapper.application; includeInIndex = 0; path = Math.app; sourceTree = BUILT_PRODUCTS_DIR; };
		C61578FA1DE0BA77001FFA21 /* AppDelegate.swift */ = {isa = PBXFileReference; lastKnownFileType = sourcecode.swift; path = AppDelegate.swift; sourceTree = "<group>"; };
		C61578FC1DE0BA77001FFA21 /* ViewController.swift */ = {isa = PBXFileReference; lastKnownFileType = sourcecode.swift; path = ViewController.swift; sourceTree = "<group>"; };
		C61578FF1DE0BA77001FFA21 /* Base */ = {isa = PBXFileReference; lastKnownFileType = file.storyboard; name = Base; path = Base.lproj/Main.storyboard; sourceTree = "<group>"; };
		C61579011DE0BA77001FFA21 /* Assets.xcassets */ = {isa = PBXFileReference; lastKnownFileType = folder.assetcatalog; path = Assets.xcassets; sourceTree = "<group>"; };
		C61579041DE0BA77001FFA21 /* Base */ = {isa = PBXFileReference; lastKnownFileType = file.storyboard; name = Base; path = Base.lproj/LaunchScreen.storyboard; sourceTree = "<group>"; };
		C61579061DE0BA77001FFA21 /* Info.plist */ = {isa = PBXFileReference; lastKnownFileType = text.plist.xml; path = Info.plist; sourceTree = "<group>"; };
/* End PBXFileReference section */

/* Begin PBXFrameworksBuildPhase section */
		C61578F41DE0BA77001FFA21 /* Frameworks */ = {
			isa = PBXFrameworksBuildPhase;
			buildActionMask = 2147483647;
			files = (
			);
			runOnlyForDeploymentPostprocessing = 0;
		};
/* End PBXFrameworksBuildPhase section */

/* Begin PBXGroup section */
		C61578EE1DE0BA77001FFA21 = {
			isa = PBXGroup;
			children = (
				C61578F91DE0BA77001FFA21 /* Math */,
				C61578F81DE0BA77001FFA21 /* Products */,
			);
			sourceTree = "<group>";
		};
		C61578F81DE0BA77001FFA21 /* Products */ = {
			isa = PBXGroup;
			children = (
				C61578F71DE0BA77001FFA21 /* Math.app */,
			);
			name = Products;
			sourceTree = "<group>";
		};
		C61578F91DE0BA77001FFA21 /* Math */ = {
			isa = PBXGroup;
			children = (
				C61578FA1DE0BA77001FFA21 /* AppDelegate.swift */,
				C61578FC1DE0BA77001FFA21 /* ViewController.swift */,
				C61578FE1DE0BA77001FFA21 /* Main.storyboard */,
				C61579011DE0BA77001FFA21 /* Assets.xcassets */,
				C61579031DE0BA77001FFA21 /* LaunchScreen.storyboard */,
				C61579061DE0BA77001FFA21 /* Info.plist */,
			);
			path = Math;
			sourceTree = "<group>";
		};
/* End PBXGroup section */

/* Begin PBXNativeTarget section */
		C61578F61DE0BA77001FFA21 /* Math */ = {
			isa = PBXNativeTarget;
			buildConfigurationList = C61579091DE0BA77001FFA21 /* Build configuration list for PBXNativeTarget "Math" */;
			buildPhases = (
				C61578F31DE0BA77001FFA21 /* Sources */,
				C61578F41DE0BA77001FFA21 /* Frameworks */,
				C61578F51DE0BA77001FFA21 /* Resources */,
			);
			buildRules = (
			);
			dependencies = (
			);
			name = Math;
			productName = Math;
			productReference = C61578F71DE0BA77001FFA21 /* Math.app */;
			productType = "com.apple.product-type.application";
		};
/* End PBXNativeTarget section */

/* Begin PBXProject section */
		C61578EF1DE0BA77001FFA21 /* Project object */ = {
			isa = PBXProject;
			attributes = {
				LastSwiftUpdateCheck = 0810;
				LastUpgradeCheck = 0810;
				ORGANIZATIONNAME = "Carmine Cuofano";
				TargetAttributes = {
					C61578F61DE0BA77001FFA21 = {
						CreatedOnToolsVersion = 8.1;
						DevelopmentTeam = U78XY2WMXB;
						ProvisioningStyle = Automatic;
					};
				};
			};
			buildConfigurationList = C61578F21DE0BA77001FFA21 /* Build configuration list for PBXProject "Math" */;
			compatibilityVersion = "Xcode 3.2";
			developmentRegion = English;
			hasScannedForEncodings = 0;
			knownRegions = (
				en,
				Base,
			);
			mainGroup = C61578EE1DE0BA77001FFA21;
			productRefGroup = C61578F81DE0BA77001FFA21 /* Products */;
			projectDirPath = "";
			projectRoot = "";
			targets = (
				C61578F61DE0BA77001FFA21 /* Math */,
			);
		};
/* End PBXProject section */

/* Begin PBXResourcesBuildPhase section */
		C61578F51DE0BA77001FFA21 /* Resources */ = {
			isa = PBXResourcesBuildPhase;
			buildActionMask = 2147483647;
			files = (
				C61579051DE0BA77001FFA21 /* LaunchScreen.storyboard in Resources */,
				C61579021DE0BA77001FFA21 /* Assets.xcassets in Resources */,
				C61579001DE0BA77001FFA21 /* Main.storyboard in Resources */,
			);
			runOnlyForDeploymentPostprocessing = 0;
		};
/* End PBXResourcesBuildPhase section */

/* Begin PBXSourcesBuildPhase section */
		C61578F31DE0BA77001FFA21 /* Sources */ = {
			isa = PBXSourcesBuildPhase;
			buildActionMask = 2147483647;
			files = (
				C61578FD1DE0BA77001FFA21 /* ViewController.swift in Sources */,
				C61578FB1DE0BA77001FFA21 /* AppDelegate.swift in Sources */,
			);
			runOnlyForDeploymentPostprocessing = 0;
		};
/* End PBXSourcesBuildPhase section */

/* Begin PBXVariantGroup section */
		C61578FE1DE0BA77001FFA21 /* Main.storyboard */ = {
			isa = PBXVariantGroup;
			children = (
				C61578FF1DE0BA77001FFA21 /* Base */,
			);
			name = Main.storyboard;
			sourceTree = "<group>";
		};
		C61579031DE0BA77001FFA21 /* LaunchScreen.storyboard */ = {
			isa = PBXVariantGroup;
			children = (
				C61579041DE0BA77001FFA21 /* Base */,
			);
			name = LaunchScreen.storyboard;
			sourceTree = "<group>";
		};
/* End PBXVariantGroup section */

/* Begin XCBuildConfiguration section */
		C61579071DE0BA77001FFA21 /* Debug */ = {
			isa = XCBuildConfiguration;
			buildSettings = {
				ALWAYS_SEARCH_USER_PATHS = NO;
				CLANG_ANALYZER_NONNULL = YES;
				CLANG_CXX_LANGUAGE_STANDARD = "gnu++0x";
				CLANG_CXX_LIBRARY = "libc++";
				CLANG_ENABLE_MODULES = YES;
				CLANG_ENABLE_OBJC_ARC = YES;
				CLANG_WARN_BOOL_CONVERSION = YES;
				CLANG_WARN_CONSTANT_CONVERSION = YES;
				CLANG_WARN_DIRECT_OBJC_ISA_USAGE = YES_ERROR;
				CLANG_WARN_DOCUMENTATION_COMMENTS = YES;
				CLANG_WARN_EMPTY_BODY = YES;
				CLANG_WARN_ENUM_CONVERSION = YES;
				CLANG_WARN_INFINITE_RECURSION = YES;
				CLANG_WARN_INT_CONVERSION = YES;
				CLANG_WARN_OBJC_ROOT_CLASS = YES_ERROR;
				CLANG_WARN_SUSPICIOUS_MOVES = YES;
				CLANG_WARN_UNREACHABLE_CODE = YES;
				CLANG_WARN__DUPLICATE_METHOD_MATCH = YES;
				"CODE_SIGN_IDENTITY[sdk=iphoneos*]" = "iPhone Developer";
				COPY_PHASE_STRIP = NO;
				DEBUG_INFORMATION_FORMAT = dwarf;
				ENABLE_STRICT_OBJC_MSGSEND = YES;
				ENABLE_TESTABILITY = YES;
				GCC_C_LANGUAGE_STANDARD = gnu99;
				GCC_DYNAMIC_NO_PIC = NO;
				GCC_NO_COMMON_BLOCKS = YES;
				GCC_OPTIMIZATION_LEVEL = 0;
				GCC_PREPROCESSOR_DEFINITIONS = (
					"DEBUG=1",
					"$(inherited)",
				);
				GCC_WARN_64_TO_32_BIT_CONVERSION = YES;
				GCC_WARN_ABOUT_RETURN_TYPE = YES_ERROR;
				GCC_WARN_UNDECLARED_SELECTOR = YES;
				GCC_WARN_UNINITIALIZED_AUTOS = YES_AGGRESSIVE;
				GCC_WARN_UNUSED_FUNCTION = YES;
				GCC_WARN_UNUSED_VARIABLE = YES;
				IPHONEOS_DEPLOYMENT_TARGET = 10.1;
				MTL_ENABLE_DEBUG_INFO = YES;
				ONLY_ACTIVE_ARCH = YES;
				SDKROOT = iphoneos;
				SWIFT_ACTIVE_COMPILATION_CONDITIONS = DEBUG;
				SWIFT_OPTIMIZATION_LEVEL = "-Onone";
				TARGETED_DEVICE_FAMILY = "1,2";
			};
			name = Debug;
		};
		C61579081DE0BA77001FFA21 /* Release */ = {
			isa = XCBuildConfiguration;
			buildSettings = {
				ALWAYS_SEARCH_USER_PATHS = NO;
				CLANG_ANALYZER_NONNULL = YES;
				CLANG_CXX_LANGUAGE_STANDARD = "gnu++0x";
				CLANG_CXX_LIBRARY = "libc++";
				CLANG_ENABLE_MODULES = YES;
				CLANG_ENABLE_OBJC_ARC = YES;
				CLANG_WARN_BOOL_CONVERSION = YES;
				CLANG_WARN_CONSTANT_CONVERSION = YES;
				CLANG_WARN_DIRECT_OBJC_ISA_USAGE = YES_ERROR;
				CLANG_WARN_DOCUMENTATION_COMMENTS = YES;
				CLANG_WARN_EMPTY_BODY = YES;
				CLANG_WARN_ENUM_CONVERSION = YES;
				CLANG_WARN_INFINITE_RECURSION = YES;
				CLANG_WARN_INT_CONVERSION = YES;
				CLANG_WARN_OBJC_ROOT_CLASS = YES_ERROR;
				CLANG_WARN_SUSPICIOUS_MOVES = YES;
				CLANG_WARN_UNREACHABLE_CODE = YES;
				CLANG_WARN__DUPLICATE_METHOD_MATCH = YES;
				"CODE_SIGN_IDENTITY[sdk=iphoneos*]" = "iPhone Developer";
				COPY_PHASE_STRIP = NO;
				DEBUG_INFORMATION_FORMAT = "dwarf-with-dsym";
				ENABLE_NS_ASSERTIONS = NO;
				ENABLE_STRICT_OBJC_MSGSEND = YES;
				GCC_C_LANGUAGE_STANDARD = gnu99;
				GCC_NO_COMMON_BLOCKS = YES;
				GCC_WARN_64_TO_32_BIT_CONVERSION = YES;
				GCC_WARN_ABOUT_RETURN_TYPE = YES_ERROR;
				GCC_WARN_UNDECLARED_SELECTOR = YES;
				GCC_WARN_UNINITIALIZED_AUTOS = YES_AGGRESSIVE;
				GCC_WARN_UNUSED_FUNCTION = YES;
				GCC_WARN_UNUSED_VARIABLE = YES;
				IPHONEOS_DEPLOYMENT_TARGET = 10.1;
				MTL_ENABLE_DEBUG_INFO = NO;
				SDKROOT = iphoneos;
				SWIFT_OPTIMIZATION_LEVEL = "-Owholemodule";
				TARGETED_DEVICE_FAMILY = "1,2";
				VALIDATE_PRODUCT = YES;
			};
			name = Release;
		};
		C615790A1DE0BA77001FFA21 /* Debug */ = {
			isa = XCBuildConfiguration;
			buildSettings = {
				ASSETCATALOG_COMPILER_APPICON_NAME = AppIcon;
				DEVELOPMENT_TEAM = U78XY2WMXB;
				INFOPLIST_FILE = Math/Info.plist;
				LD_RUNPATH_SEARCH_PATHS = "$(inherited) @executable_path/Frameworks";
				PRODUCT_BUNDLE_IDENTIFIER = "com.Carmine-Cuofano.Math";
				PRODUCT_NAME = "$(TARGET_NAME)";
				SWIFT_VERSION = 3.0;
			};
			name = Debug;
		};
		C615790B1DE0BA77001FFA21 /* Release */ = {
			isa = XCBuildConfiguration;
			buildSettings = {
				ASSETCATALOG_COMPILER_APPICON_NAME = AppIcon;
				DEVELOPMENT_TEAM = U78XY2WMXB;
				INFOPLIST_FILE = Math/Info.plist;
				LD_RUNPATH_SEARCH_PATHS = "$(inherited) @executable_path/Frameworks";
				PRODUCT_BUNDLE_IDENTIFIER = "com.Carmine-Cuofano.Math";
				PRODUCT_NAME = "$(TARGET_NAME)";
				SWIFT_VERSION = 3.0;
			};
			name = Release;
		};
/* End XCBuildConfiguration section */

/* Begin XCConfigurationList section */
		C61578F21DE0BA77001FFA21 /* Build configuration list for PBXProject "Math" */ = {
			isa = XCConfigurationList;
			buildConfigurations = (
				C61579071DE0BA77001FFA21 /* Debug */,
				C61579081DE0BA77001FFA21 /* Release */,
			);
			defaultConfigurationIsVisible = 0;
			defaultConfigurationName = Release;
		};
		C61579091DE0BA77001FFA21 /* Build configuration list for PBXNativeTarget "Math" */ = {
			isa = XCConfigurationList;
			buildConfigurations = (
				C615790A1DE0BA77001FFA21 /* Debug */,
				C615790B1DE0BA77001FFA21 /* Release */,
			);
			defaultConfigurationIsVisible = 0;
		};
/* End XCConfigurationList section */
	};
	rootObject = C61578EF1DE0BA77001FFA21 /* Project object */;
}
